
Microsoft Visual Studio Solution File, Format Version 12.00
# Visual Studio Version 16
VisualStudioVersion = 16.0.30011.22
MinimumVisualStudioVersion = 10.0.40219.1
Project("{FAE04EC0-301F-11D3-BF4B-00C04F79EFBC}") = "NiuKun.NiuCalc", "NiuKun.NiuCalc.csproj", "{4D7423CE-B5A0-4418-804E-109FDBD4C598}"
EndProject
Global
	GlobalSection(SolutionConfigurationPlatforms) = preSolution
		Debug|Any CPU = Debug|Any CPU
		Release|Any CPU = Release|Any CPU
	EndGlobalSection
	GlobalSection(ProjectConfigurationPlatforms) = postSolution
		{4D7423CE-B5A0-4418-804E-109FDBD4C598}.Debug|Any CPU.ActiveCfg = Debug|Any CPU
		{4D7423CE-B5A0-4418-804E-109FDBD4C598}.Debug|Any CPU.Build.0 = Debug|Any CPU
		{4D7423CE-B5A0-4418-804E-109FDBD4C598}.Release|Any CPU.ActiveCfg = Release|Any CPU
		{4D7423CE-B5A0-4418-804E-109FDBD4C598}.Release|Any CPU.Build.0 = Release|Any CPU
	EndGlobalSection
	GlobalSection(SolutionProperties) = preSolution
		HideSolutionNode = FALSE
	EndGlobalSection
	GlobalSection(ExtensibilityGlobals) = postSolution
		SolutionGuid = {8F9F27B1-4BC8-42C2-B7EA-3710E5CE41DC}
	EndGlobalSection
EndGlobal
